{
  "nodes": {
    "home-manager": {
      "inputs": {
        "nixpkgs": [
          "nixpkgs"
        ]
      },
      "locked": {
        "lastModified": 1733482664,
        "narHash": "sha256-ZD+h1fwvZs+Xvg46lzTWveAqyDe18h9m7wZnTIJfFZ4=",
        "owner": "nix-community",
        "repo": "home-manager",
        "rev": "e38d3dd1d355a003cc63e8fe6ff66ef2257509ed",
        "type": "github"
      },
      "original": {
        "owner": "nix-community",
        "ref": "release-24.11",
        "repo": "home-manager",
        "type": "github"
      }
    },
    "home-manager_2": {
      "inputs": {
        "nixpkgs": "nixpkgs_2"
      },
      "locked": {
        "lastModified": 1733484277,
        "narHash": "sha256-i5ay20XsvpW91N4URET/nOc0VQWOAd4c4vbqYtcH8Rc=",
        "owner": "nix-community",
        "repo": "home-manager",
        "rev": "d00c6f6d0ad16d598bf7e2956f52c1d9d5de3c3a",
        "type": "github"
      },
      "original": {
        "id": "home-manager",
        "type": "indirect"
      }
    },
    "nixpkgs": {
      "locked": {
        "lastModified": 1733261153,
        "narHash": "sha256-eq51hyiaIwtWo19fPEeE0Zr2s83DYMKJoukNLgGGpek=",
        "owner": "NixOS",
        "repo": "nixpkgs",
        "rev": "b681065d0919f7eb5309a93cea2cfa84dec9aa88",
        "type": "github"
      },
      "original": {
        "owner": "NixOS",
        "ref": "nixos-24.11",
        "repo": "nixpkgs",
        "type": "github"
      }
    },
    "nixpkgs_2": {
      "locked": {
        "lastModified": 1733212471,
        "narHash": "sha256-M1+uCoV5igihRfcUKrr1riygbe73/dzNnzPsmaLCmpo=",
        "owner": "NixOS",
        "repo": "nixpkgs",
        "rev": "55d15ad12a74eb7d4646254e13638ad0c4128776",
        "type": "github"
      },
      "original": {
        "owner": "NixOS",
        "ref": "nixos-unstable",
        "repo": "nixpkgs",
        "type": "github"
      }
    },
    "revolunixos": {
      "inputs": {
        "home-manager": "home-manager_2",
        "nixpkgs": [
          "nixpkgs"
        ]
      },
      "locked": {
        "lastModified": 1733500577,
        "narHash": "sha256-aBNjPQGwfDx8Ic3Xh/bG4elAOHb3TEoefhsWr3tXzoE=",
        "owner": "RevoluNix",
        "repo": "module-system",
        "rev": "0c96f6cc257546fc8d4273ea53def04090c6628e",
        "type": "github"
      },
      "original": {
        "owner": "RevoluNix",
        "ref": "update_to_2411",
        "repo": "module-system",
        "type": "github"
      }
    },
    "root": {
      "inputs": {
        "home-manager": "home-manager",
        "nixpkgs": "nixpkgs",
        "revolunixos": "revolunixos",
        "unstable": "unstable",
        "virtual-machines": "virtual-machines"
      }
    },
    "unstable": {
      "locked": {
        "lastModified": 1733392399,
        "narHash": "sha256-kEsTJTUQfQFIJOcLYFt/RvNxIK653ZkTBIs4DG+cBns=",
        "owner": "NixOS",
        "repo": "nixpkgs",
        "rev": "d0797a04b81caeae77bcff10a9dde78bc17f5661",
        "type": "github"
      },
      "original": {
        "owner": "NixOS",
        "ref": "nixos-unstable",
        "repo": "nixpkgs",
        "type": "github"
      }
    },
    "virtual-machines": {
      "inputs": {
        "nixpkgs": [
          "nixpkgs"
        ]
      },
      "locked": {
        "lastModified": 1732812381,
        "narHash": "sha256-3+Owv+uyTItbDGw3z/2MUKYviAIMnzkH9KAHkweMNlA=",
        "owner": "RevoluNix",
        "repo": "module-virtual-machines",
        "rev": "5310fadeeeb7b181efe7bc602581d3238b6c346a",
        "type": "github"
      },
      "original": {
        "owner": "RevoluNix",
        "ref": "update_to_24.11",
        "repo": "module-virtual-machines",
        "type": "github"
      }
    }
  },
  "root": "root",
  "version": 7
}
