{
  "nodes": {
    "home-manager": {
      "inputs": {
        "nixpkgs": "nixpkgs_2"
      },
      "locked": {
        "lastModified": 1721714663,
        "narHash": "sha256-ZDW5+rlROxaOuoEfIQM7Gqhoa+WALEYdYIiZhyJjAu0=",
        "owner": "nix-community",
        "repo": "home-manager",
        "rev": "7560dc942a6fbd37ebd1310b3dbda513de2d4b82",
        "type": "github"
      },
      "original": {
        "id": "home-manager",
        "type": "indirect"
      }
    },
    "nixpkgs": {
      "locked": {
        "lastModified": 1721548954,
        "narHash": "sha256-7cCC8+Tdq1+3OPyc3+gVo9dzUNkNIQfwSDJ2HSi2u3o=",
        "owner": "NixOS",
        "repo": "nixpkgs",
        "rev": "63d37ccd2d178d54e7fb691d7ec76000740ea24a",
        "type": "github"
      },
      "original": {
        "owner": "NixOS",
        "ref": "nixos-24.05",
        "repo": "nixpkgs",
        "type": "github"
      }
    },
    "nixpkgs_2": {
      "locked": {
        "lastModified": 1721562059,
        "narHash": "sha256-Tybxt65eyOARf285hMHIJ2uul8SULjFZbT9ZaEeUnP8=",
        "owner": "NixOS",
        "repo": "nixpkgs",
        "rev": "68c9ed8bbed9dfce253cc91560bf9043297ef2fe",
        "type": "github"
      },
      "original": {
        "owner": "NixOS",
        "ref": "nixos-unstable",
        "repo": "nixpkgs",
        "type": "github"
      }
    },
    "revolunixos": {
      "inputs": {
        "home-manager": "home-manager",
        "nixpkgs": [
          "nixpkgs"
        ]
      },
      "locked": {
        "lastModified": 1720872451,
        "narHash": "sha256-ybcGbwKpzHTIPjzFtSH2QLc4C5ccvrF3PmVh+hbJ37E=",
        "owner": "RevoluNix",
        "repo": "module-system",
        "rev": "4438be3717e93a058bda04a2e47995a1cf8ad918",
        "type": "github"
      },
      "original": {
        "owner": "RevoluNix",
        "repo": "module-system",
        "type": "github"
      }
    },
    "root": {
      "inputs": {
        "nixpkgs": "nixpkgs",
        "revolunixos": "revolunixos",
        "unstable": "unstable",
        "virtual-machines": "virtual-machines"
      }
    },
    "unstable": {
      "locked": {
        "lastModified": 1721562059,
        "narHash": "sha256-Tybxt65eyOARf285hMHIJ2uul8SULjFZbT9ZaEeUnP8=",
        "owner": "NixOS",
        "repo": "nixpkgs",
        "rev": "68c9ed8bbed9dfce253cc91560bf9043297ef2fe",
        "type": "github"
      },
      "original": {
        "owner": "NixOS",
        "ref": "nixos-unstable",
        "repo": "nixpkgs",
        "type": "github"
      }
    },
    "virtual-machines": {
      "inputs": {
        "nixpkgs": [
          "nixpkgs"
        ]
      },
      "locked": {
        "lastModified": 1720876930,
        "narHash": "sha256-4Gui793VVGmG4RvHx0zPZtiQHS8Giu8y6DYO70icRr0=",
        "owner": "RevoluNix",
        "repo": "module-virtual-machines",
        "rev": "8172c2cb592e02bd19bbd1378738702dd6925a5f",
        "type": "github"
      },
      "original": {
        "owner": "RevoluNix",
        "repo": "module-virtual-machines",
        "type": "github"
      }
    }
  },
  "root": "root",
  "version": 7
}
