{
  "nodes": {
    "home-manager": {
      "inputs": {
        "nixpkgs": "nixpkgs_2"
      },
      "locked": {
        "lastModified": 1720734513,
        "narHash": "sha256-neWQ8eNtLTd+YMesb7WjKl1SVCbDyCm46LUgP/g/hdo=",
        "owner": "nix-community",
        "repo": "home-manager",
        "rev": "90ae324e2c56af10f20549ab72014804a3064c7f",
        "type": "github"
      },
      "original": {
        "id": "home-manager",
        "type": "indirect"
      }
    },
    "nixpkgs": {
      "locked": {
        "lastModified": 1720691131,
        "narHash": "sha256-CWT+KN8aTPyMIx8P303gsVxUnkinIz0a/Cmasz1jyIM=",
        "owner": "NixOS",
        "repo": "nixpkgs",
        "rev": "a046c1202e11b62cbede5385ba64908feb7bfac4",
        "type": "github"
      },
      "original": {
        "owner": "NixOS",
        "ref": "nixos-24.05",
        "repo": "nixpkgs",
        "type": "github"
      }
    },
    "nixpkgs-unstable": {
      "locked": {
        "lastModified": 1720542800,
        "narHash": "sha256-ZgnNHuKV6h2+fQ5LuqnUaqZey1Lqqt5dTUAiAnqH0QQ=",
        "owner": "NixOS",
        "repo": "nixpkgs",
        "rev": "feb2849fdeb70028c70d73b848214b00d324a497",
        "type": "github"
      },
      "original": {
        "owner": "NixOS",
        "ref": "nixos-unstable",
        "repo": "nixpkgs",
        "type": "github"
      }
    },
    "nixpkgs_2": {
      "locked": {
        "lastModified": 1720542800,
        "narHash": "sha256-ZgnNHuKV6h2+fQ5LuqnUaqZey1Lqqt5dTUAiAnqH0QQ=",
        "owner": "NixOS",
        "repo": "nixpkgs",
        "rev": "feb2849fdeb70028c70d73b848214b00d324a497",
        "type": "github"
      },
      "original": {
        "owner": "NixOS",
        "ref": "nixos-unstable",
        "repo": "nixpkgs",
        "type": "github"
      }
    },
    "revolunixos": {
      "inputs": {
        "home-manager": "home-manager",
        "nixpkgs": [
          "nixpkgs"
        ]
      },
      "locked": {
        "lastModified": 1720872451,
        "narHash": "sha256-ybcGbwKpzHTIPjzFtSH2QLc4C5ccvrF3PmVh+hbJ37E=",
        "owner": "RevoluNix",
        "repo": "module-system",
        "rev": "4438be3717e93a058bda04a2e47995a1cf8ad918",
        "type": "github"
      },
      "original": {
        "owner": "RevoluNix",
        "repo": "module-system",
        "type": "github"
      }
    },
    "root": {
      "inputs": {
        "nixpkgs": "nixpkgs",
        "nixpkgs-unstable": "nixpkgs-unstable",
        "revolunixos": "revolunixos",
        "virtual-machines": "virtual-machines"
      }
    },
    "virtual-machines": {
      "inputs": {
        "nixpkgs": [
          "nixpkgs"
        ]
      },
      "locked": {
        "lastModified": 1720876930,
        "narHash": "sha256-4Gui793VVGmG4RvHx0zPZtiQHS8Giu8y6DYO70icRr0=",
        "owner": "RevoluNix",
        "repo": "module-virtual-machines",
        "rev": "8172c2cb592e02bd19bbd1378738702dd6925a5f",
        "type": "github"
      },
      "original": {
        "owner": "RevoluNix",
        "repo": "module-virtual-machines",
        "type": "github"
      }
    }
  },
  "root": "root",
  "version": 7
}
